
Microsoft Visual Studio Solution File, Format Version 12.00
# Visual Studio Version 17
VisualStudioVersion = 17.1.32210.238
MinimumVisualStudioVersion = 10.0.40219.1
Project("{FAE04EC0-301F-11D3-BF4B-00C04F79EFBC}") = "Server", "Server\Server.csproj", "{6EF81D85-CDAB-4FCC-AAC3-9EFDFE4EA8D0}"
EndProject
Project("{FAE04EC0-301F-11D3-BF4B-00C04F79EFBC}") = "Client", "Client\Client.csproj", "{75DB32D9-F9B8-4C37-BD84-E8BA6C4C7896}"
EndProject
Global
	GlobalSection(SolutionConfigurationPlatforms) = preSolution
		Debug|Any CPU = Debug|Any CPU
		Release|Any CPU = Release|Any CPU
	EndGlobalSection
	GlobalSection(ProjectConfigurationPlatforms) = postSolution
		{6EF81D85-CDAB-4FCC-AAC3-9EFDFE4EA8D0}.Debug|Any CPU.ActiveCfg = Debug|Any CPU
		{6EF81D85-CDAB-4FCC-AAC3-9EFDFE4EA8D0}.Debug|Any CPU.Build.0 = Debug|Any CPU
		{6EF81D85-CDAB-4FCC-AAC3-9EFDFE4EA8D0}.Release|Any CPU.ActiveCfg = Release|Any CPU
		{6EF81D85-CDAB-4FCC-AAC3-9EFDFE4EA8D0}.Release|Any CPU.Build.0 = Release|Any CPU
		{75DB32D9-F9B8-4C37-BD84-E8BA6C4C7896}.Debug|Any CPU.ActiveCfg = Debug|Any CPU
		{75DB32D9-F9B8-4C37-BD84-E8BA6C4C7896}.Debug|Any CPU.Build.0 = Debug|Any CPU
		{75DB32D9-F9B8-4C37-BD84-E8BA6C4C7896}.Release|Any CPU.ActiveCfg = Release|Any CPU
		{75DB32D9-F9B8-4C37-BD84-E8BA6C4C7896}.Release|Any CPU.Build.0 = Release|Any CPU
	EndGlobalSection
	GlobalSection(SolutionProperties) = preSolution
		HideSolutionNode = FALSE
	EndGlobalSection
	GlobalSection(ExtensibilityGlobals) = postSolution
		SolutionGuid = {DEA46407-06B2-49EC-9509-0C5C55203435}
	EndGlobalSection
EndGlobal
