
Microsoft Visual Studio Solution File, Format Version 12.00
# Visual Studio Version 16
VisualStudioVersion = 16.0.31205.134
MinimumVisualStudioVersion = 10.0.40219.1
Project("{FAE04EC0-301F-11D3-BF4B-00C04F79EFBC}") = "ei.si-worksheet7-ex1.1", "ei.si-worksheet7-ex1.1\ei.si-worksheet7-ex1.1.csproj", "{3D553BBC-E3BE-4836-B36D-A24C3A0D8196}"
EndProject
Global
	GlobalSection(SolutionConfigurationPlatforms) = preSolution
		Debug|Any CPU = Debug|Any CPU
		Release|Any CPU = Release|Any CPU
	EndGlobalSection
	GlobalSection(ProjectConfigurationPlatforms) = postSolution
		{3D553BBC-E3BE-4836-B36D-A24C3A0D8196}.Debug|Any CPU.ActiveCfg = Debug|Any CPU
		{3D553BBC-E3BE-4836-B36D-A24C3A0D8196}.Debug|Any CPU.Build.0 = Debug|Any CPU
		{3D553BBC-E3BE-4836-B36D-A24C3A0D8196}.Release|Any CPU.ActiveCfg = Release|Any CPU
		{3D553BBC-E3BE-4836-B36D-A24C3A0D8196}.Release|Any CPU.Build.0 = Release|Any CPU
	EndGlobalSection
	GlobalSection(SolutionProperties) = preSolution
		HideSolutionNode = FALSE
	EndGlobalSection
	GlobalSection(ExtensibilityGlobals) = postSolution
		SolutionGuid = {FDA9D237-98ED-434E-9E1D-25707C70DCE9}
	EndGlobalSection
EndGlobal
