
Microsoft Visual Studio Solution File, Format Version 12.00
# Visual Studio Version 17
VisualStudioVersion = 17.1.32210.238
MinimumVisualStudioVersion = 10.0.40219.1
Project("{FAE04EC0-301F-11D3-BF4B-00C04F79EFBC}") = "WindowsFormsApp", "WindowsFormsApp1\WindowsFormsApp.csproj", "{5A79BF4C-9A32-4B87-A44D-E622AEDF9EDA}"
EndProject
Project("{FAE04EC0-301F-11D3-BF4B-00C04F79EFBC}") = "WcfService", "WcfService1\WcfService.csproj", "{DC94E268-36AE-4B31-8355-5F8ECF5E78F3}"
EndProject
Global
	GlobalSection(SolutionConfigurationPlatforms) = preSolution
		Debug|Any CPU = Debug|Any CPU
		Release|Any CPU = Release|Any CPU
	EndGlobalSection
	GlobalSection(ProjectConfigurationPlatforms) = postSolution
		{5A79BF4C-9A32-4B87-A44D-E622AEDF9EDA}.Debug|Any CPU.ActiveCfg = Debug|Any CPU
		{5A79BF4C-9A32-4B87-A44D-E622AEDF9EDA}.Debug|Any CPU.Build.0 = Debug|Any CPU
		{5A79BF4C-9A32-4B87-A44D-E622AEDF9EDA}.Release|Any CPU.ActiveCfg = Release|Any CPU
		{5A79BF4C-9A32-4B87-A44D-E622AEDF9EDA}.Release|Any CPU.Build.0 = Release|Any CPU
		{DC94E268-36AE-4B31-8355-5F8ECF5E78F3}.Debug|Any CPU.ActiveCfg = Debug|Any CPU
		{DC94E268-36AE-4B31-8355-5F8ECF5E78F3}.Debug|Any CPU.Build.0 = Debug|Any CPU
		{DC94E268-36AE-4B31-8355-5F8ECF5E78F3}.Release|Any CPU.ActiveCfg = Release|Any CPU
		{DC94E268-36AE-4B31-8355-5F8ECF5E78F3}.Release|Any CPU.Build.0 = Release|Any CPU
	EndGlobalSection
	GlobalSection(SolutionProperties) = preSolution
		HideSolutionNode = FALSE
	EndGlobalSection
	GlobalSection(ExtensibilityGlobals) = postSolution
		SolutionGuid = {8B0D5EFB-F44B-4036-B6EF-DA83782DFD38}
	EndGlobalSection
EndGlobal
